
Microsoft Visual Studio Solution File, Format Version 12.00
# Visual Studio Version 17
VisualStudioVersion = 17.1.32319.34
MinimumVisualStudioVersion = 10.0.40219.1
Project("{FAE04EC0-301F-11D3-BF4B-00C04F79EFBC}") = "MyProject", "MyForm\MyProject.csproj", "{9AA44737-3721-4A72-B442-63DE3E488993}"
EndProject
Project("{FAE04EC0-301F-11D3-BF4B-00C04F79EFBC}") = "MyFormm", "MyFormm\MyFormm.csproj", "{9065E604-980F-488A-AE20-5DAFB978BFA7}"
EndProject
Project("{FAE04EC0-301F-11D3-BF4B-00C04F79EFBC}") = "MyLibrary", "MyLibrary\MyLibrary.csproj", "{F5F1CB6D-9AD5-47CD-B83C-956232736272}"
EndProject
Global
	GlobalSection(SolutionConfigurationPlatforms) = preSolution
		Debug|Any CPU = Debug|Any CPU
		Release|Any CPU = Release|Any CPU
	EndGlobalSection
	GlobalSection(ProjectConfigurationPlatforms) = postSolution
		{9AA44737-3721-4A72-B442-63DE3E488993}.Debug|Any CPU.ActiveCfg = Debug|Any CPU
		{9AA44737-3721-4A72-B442-63DE3E488993}.Debug|Any CPU.Build.0 = Debug|Any CPU
		{9AA44737-3721-4A72-B442-63DE3E488993}.Release|Any CPU.ActiveCfg = Release|Any CPU
		{9AA44737-3721-4A72-B442-63DE3E488993}.Release|Any CPU.Build.0 = Release|Any CPU
		{9065E604-980F-488A-AE20-5DAFB978BFA7}.Debug|Any CPU.ActiveCfg = Debug|Any CPU
		{9065E604-980F-488A-AE20-5DAFB978BFA7}.Debug|Any CPU.Build.0 = Debug|Any CPU
		{9065E604-980F-488A-AE20-5DAFB978BFA7}.Release|Any CPU.ActiveCfg = Release|Any CPU
		{9065E604-980F-488A-AE20-5DAFB978BFA7}.Release|Any CPU.Build.0 = Release|Any CPU
		{F5F1CB6D-9AD5-47CD-B83C-956232736272}.Debug|Any CPU.ActiveCfg = Debug|Any CPU
		{F5F1CB6D-9AD5-47CD-B83C-956232736272}.Debug|Any CPU.Build.0 = Debug|Any CPU
		{F5F1CB6D-9AD5-47CD-B83C-956232736272}.Release|Any CPU.ActiveCfg = Release|Any CPU
		{F5F1CB6D-9AD5-47CD-B83C-956232736272}.Release|Any CPU.Build.0 = Release|Any CPU
	EndGlobalSection
	GlobalSection(SolutionProperties) = preSolution
		HideSolutionNode = FALSE
	EndGlobalSection
	GlobalSection(ExtensibilityGlobals) = postSolution
		SolutionGuid = {96807B24-81C3-4D7C-BC63-55D29E9FBDA4}
	EndGlobalSection
EndGlobal
